// !$*UTF8*$!
{
	archiveVersion = 1;
	classes = {
	};
	objectVersion = 46;
	objects = {

/* Begin PBXBuildFile section */
		7DDFDB251C8B387500743720 /* AppDelegate.swift in Sources */ = {isa = PBXBuildFile; fileRef = 7DDFDB241C8B387500743720 /* AppDelegate.swift */; };
		7DDFDB271C8B387500743720 /* ViewController.swift in Sources */ = {isa = PBXBuildFile; fileRef = 7DDFDB261C8B387500743720 /* ViewController.swift */; };
		7DDFDB2A1C8B387500743720 /* Main.storyboard in Resources */ = {isa = PBXBuildFile; fileRef = 7DDFDB281C8B387500743720 /* Main.storyboard */; };
		7DDFDB2C1C8B387500743720 /* Assets.xcassets in Resources */ = {isa = PBXBuildFile; fileRef = 7DDFDB2B1C8B387500743720 /* Assets.xcassets */; };
		7DDFDB2F1C8B387500743720 /* LaunchScreen.storyboard in Resources */ = {isa = PBXBuildFile; fileRef = 7DDFDB2D1C8B387500743720 /* LaunchScreen.storyboard */; };
/* End PBXBuildFile section */

/* Begin PBXFileReference section */
		7DDFDB211C8B387500743720 /* Juego de memoria.app */ = {isa = PBXFileReference; explicitFileType = wrapper.application; includeInIndex = 0; path = "Juego de memoria.app"; sourceTree = BUILT_PRODUCTS_DIR; };
		7DDFDB241C8B387500743720 /* AppDelegate.swift */ = {isa = PBXFileReference; lastKnownFileType = sourcecode.swift; path = AppDelegate.swift; sourceTree = "<group>"; };
		7DDFDB261C8B387500743720 /* ViewController.swift */ = {isa = PBXFileReference; lastKnownFileType = sourcecode.swift; path = ViewController.swift; sourceTree = "<group>"; };
		7DDFDB291C8B387500743720 /* Base */ = {isa = PBXFileReference; lastKnownFileType = file.storyboard; name = Base; path = Base.lproj/Main.storyboard; sourceTree = "<group>"; };
		7DDFDB2B1C8B387500743720 /* Assets.xcassets */ = {isa = PBXFileReference; lastKnownFileType = folder.assetcatalog; path = Assets.xcassets; sourceTree = "<group>"; };
		7DDFDB2E1C8B387500743720 /* Base */ = {isa = PBXFileReference; lastKnownFileType = file.storyboard; name = Base; path = Base.lproj/LaunchScreen.storyboard; sourceTree = "<group>"; };
		7DDFDB301C8B387500743720 /* Info.plist */ = {isa = PBXFileReference; lastKnownFileType = text.plist.xml; path = Info.plist; sourceTree = "<group>"; };
/* End PBXFileReference section */

/* Begin PBXFrameworksBuildPhase section */
		7DDFDB1E1C8B387500743720 /* Frameworks */ = {
			isa = PBXFrameworksBuildPhase;
			buildActionMask = 2147483647;
			files = (
			);
			runOnlyForDeploymentPostprocessing = 0;
		};
/* End PBXFrameworksBuildPhase section */

/* Begin PBXGroup section */
		7DDFDB181C8B387500743720 = {
			isa = PBXGroup;
			children = (
				7DDFDB231C8B387500743720 /* Juego de memoria */,
				7DDFDB221C8B387500743720 /* Products */,
			);
			sourceTree = "<group>";
		};
		7DDFDB221C8B387500743720 /* Products */ = {
			isa = PBXGroup;
			children = (
				7DDFDB211C8B387500743720 /* Juego de memoria.app */,
			);
			name = Products;
			sourceTree = "<group>";
		};
		7DDFDB231C8B387500743720 /* Juego de memoria */ = {
			isa = PBXGroup;
			children = (
				7DDFDB241C8B387500743720 /* AppDelegate.swift */,
				7DDFDB261C8B387500743720 /* ViewController.swift */,
				7DDFDB281C8B387500743720 /* Main.storyboard */,
				7DDFDB2B1C8B387500743720 /* Assets.xcassets */,
				7DDFDB2D1C8B387500743720 /* LaunchScreen.storyboard */,
				7DDFDB301C8B387500743720 /* Info.plist */,
			);
			path = "Juego de memoria";
			sourceTree = "<group>";
		};
/* End PBXGroup section */

/* Begin PBXNativeTarget section */
		7DDFDB201C8B387500743720 /* Juego de memoria */ = {
			isa = PBXNativeTarget;
			buildConfigurationList = 7DDFDB331C8B387500743720 /* Build configuration list for PBXNativeTarget "Juego de memoria" */;
			buildPhases = (
				7DDFDB1D1C8B387500743720 /* Sources */,
				7DDFDB1E1C8B387500743720 /* Frameworks */,
				7DDFDB1F1C8B387500743720 /* Resources */,
			);
			buildRules = (
			);
			dependencies = (
			);
			name = "Juego de memoria";
			productName = "Juego de memoria";
			productReference = 7DDFDB211C8B387500743720 /* Juego de memoria.app */;
			productType = "com.apple.product-type.application";
		};
/* End PBXNativeTarget section */

/* Begin PBXProject section */
		7DDFDB191C8B387500743720 /* Project object */ = {
			isa = PBXProject;
			attributes = {
				LastSwiftUpdateCheck = 0720;
				LastUpgradeCheck = 0720;
				ORGANIZATIONNAME = "Christian Lizana aranda";
				TargetAttributes = {
					7DDFDB201C8B387500743720 = {
						CreatedOnToolsVersion = 7.2.1;
						DevelopmentTeam = 7XRX88PM9R;
					};
				};
			};
			buildConfigurationList = 7DDFDB1C1C8B387500743720 /* Build configuration list for PBXProject "Juego de memoria" */;
			compatibilityVersion = "Xcode 3.2";
			developmentRegion = English;
			hasScannedForEncodings = 0;
			knownRegions = (
				en,
				Base,
			);
			mainGroup = 7DDFDB181C8B387500743720;
			productRefGroup = 7DDFDB221C8B387500743720 /* Products */;
			projectDirPath = "";
			projectRoot = "";
			targets = (
				7DDFDB201C8B387500743720 /* Juego de memoria */,
			);
		};
/* End PBXProject section */

/* Begin PBXResourcesBuildPhase section */
		7DDFDB1F1C8B387500743720 /* Resources */ = {
			isa = PBXResourcesBuildPhase;
			buildActionMask = 2147483647;
			files = (
				7DDFDB2F1C8B387500743720 /* LaunchScreen.storyboard in Resources */,
				7DDFDB2C1C8B387500743720 /* Assets.xcassets in Resources */,
				7DDFDB2A1C8B387500743720 /* Main.storyboard in Resources */,
			);
			runOnlyForDeploymentPostprocessing = 0;
		};
/* End PBXResourcesBuildPhase section */

/* Begin PBXSourcesBuildPhase section */
		7DDFDB1D1C8B387500743720 /* Sources */ = {
			isa = PBXSourcesBuildPhase;
			buildActionMask = 2147483647;
			files = (
				7DDFDB271C8B387500743720 /* ViewController.swift in Sources */,
				7DDFDB251C8B387500743720 /* AppDelegate.swift in Sources */,
			);
			runOnlyForDeploymentPostprocessing = 0;
		};
/* End PBXSourcesBuildPhase section */

/* Begin PBXVariantGroup section */
		7DDFDB281C8B387500743720 /* Main.storyboard */ = {
			isa = PBXVariantGroup;
			children = (
				7DDFDB291C8B387500743720 /* Base */,
			);
			name = Main.storyboard;
			sourceTree = "<group>";
		};
		7DDFDB2D1C8B387500743720 /* LaunchScreen.storyboard */ = {
			isa = PBXVariantGroup;
			children = (
				7DDFDB2E1C8B387500743720 /* Base */,
			);
			name = LaunchScreen.storyboard;
			sourceTree = "<group>";
		};
/* End PBXVariantGroup section */

/* Begin XCBuildConfiguration section */
		7DDFDB311C8B387500743720 /* Debug */ = {
			isa = XCBuildConfiguration;
			buildSettings = {
				ALWAYS_SEARCH_USER_PATHS = NO;
				CLANG_CXX_LANGUAGE_STANDARD = "gnu++0x";
				CLANG_CXX_LIBRARY = "libc++";
				CLANG_ENABLE_MODULES = YES;
				CLANG_ENABLE_OBJC_ARC = YES;
				CLANG_WARN_BOOL_CONVERSION = YES;
				CLANG_WARN_CONSTANT_CONVERSION = YES;
				CLANG_WARN_DIRECT_OBJC_ISA_USAGE = YES_ERROR;
				CLANG_WARN_EMPTY_BODY = YES;
				CLANG_WARN_ENUM_CONVERSION = YES;
				CLANG_WARN_INT_CONVERSION = YES;
				CLANG_WARN_OBJC_ROOT_CLASS = YES_ERROR;
				CLANG_WARN_UNREACHABLE_CODE = YES;
				CLANG_WARN__DUPLICATE_METHOD_MATCH = YES;
				"CODE_SIGN_IDENTITY[sdk=iphoneos*]" = "iPhone Developer";
				COPY_PHASE_STRIP = NO;
				DEBUG_INFORMATION_FORMAT = dwarf;
				ENABLE_STRICT_OBJC_MSGSEND = YES;
				ENABLE_TESTABILITY = YES;
				GCC_C_LANGUAGE_STANDARD = gnu99;
				GCC_DYNAMIC_NO_PIC = NO;
				GCC_NO_COMMON_BLOCKS = YES;
				GCC_OPTIMIZATION_LEVEL = 0;
				GCC_PREPROCESSOR_DEFINITIONS = (
					"DEBUG=1",
					"$(inherited)",
				);
				GCC_WARN_64_TO_32_BIT_CONVERSION = YES;
				GCC_WARN_ABOUT_RETURN_TYPE = YES_ERROR;
				GCC_WARN_UNDECLARED_SELECTOR = YES;
				GCC_WARN_UNINITIALIZED_AUTOS = YES_AGGRESSIVE;
				GCC_WARN_UNUSED_FUNCTION = YES;
				GCC_WARN_UNUSED_VARIABLE = YES;
				IPHONEOS_DEPLOYMENT_TARGET = 9.2;
				MTL_ENABLE_DEBUG_INFO = YES;
				ONLY_ACTIVE_ARCH = YES;
				SDKROOT = iphoneos;
				SWIFT_OPTIMIZATION_LEVEL = "-Onone";
				TARGETED_DEVICE_FAMILY = "1,2";
			};
			name = Debug;
		};
		7DDFDB321C8B387500743720 /* Release */ = {
			isa = XCBuildConfiguration;
			buildSettings = {
				ALWAYS_SEARCH_USER_PATHS = NO;
				CLANG_CXX_LANGUAGE_STANDARD = "gnu++0x";
				CLANG_CXX_LIBRARY = "libc++";
				CLANG_ENABLE_MODULES = YES;
				CLANG_ENABLE_OBJC_ARC = YES;
				CLANG_WARN_BOOL_CONVERSION = YES;
				CLANG_WARN_CONSTANT_CONVERSION = YES;
				CLANG_WARN_DIRECT_OBJC_ISA_USAGE = YES_ERROR;
				CLANG_WARN_EMPTY_BODY = YES;
				CLANG_WARN_ENUM_CONVERSION = YES;
				CLANG_WARN_INT_CONVERSION = YES;
				CLANG_WARN_OBJC_ROOT_CLASS = YES_ERROR;
				CLANG_WARN_UNREACHABLE_CODE = YES;
				CLANG_WARN__DUPLICATE_METHOD_MATCH = YES;
				"CODE_SIGN_IDENTITY[sdk=iphoneos*]" = "iPhone Developer";
				COPY_PHASE_STRIP = NO;
				DEBUG_INFORMATION_FORMAT = "dwarf-with-dsym";
				ENABLE_NS_ASSERTIONS = NO;
				ENABLE_STRICT_OBJC_MSGSEND = YES;
				GCC_C_LANGUAGE_STANDARD = gnu99;
				GCC_NO_COMMON_BLOCKS = YES;
				GCC_WARN_64_TO_32_BIT_CONVERSION = YES;
				GCC_WARN_ABOUT_RETURN_TYPE = YES_ERROR;
				GCC_WARN_UNDECLARED_SELECTOR = YES;
				GCC_WARN_UNINITIALIZED_AUTOS = YES_AGGRESSIVE;
				GCC_WARN_UNUSED_FUNCTION = YES;
				GCC_WARN_UNUSED_VARIABLE = YES;
				IPHONEOS_DEPLOYMENT_TARGET = 9.2;
				MTL_ENABLE_DEBUG_INFO = NO;
				SDKROOT = iphoneos;
				TARGETED_DEVICE_FAMILY = "1,2";
				VALIDATE_PRODUCT = YES;
			};
			name = Release;
		};
		7DDFDB341C8B387500743720 /* Debug */ = {
			isa = XCBuildConfiguration;
			buildSettings = {
				ASSETCATALOG_COMPILER_APPICON_NAME = AppIcon;
				INFOPLIST_FILE = "Juego de memoria/Info.plist";
				LD_RUNPATH_SEARCH_PATHS = "$(inherited) @executable_path/Frameworks";
				PRODUCT_BUNDLE_IDENTIFIER = "Primera.Juego-de-memoria";
				PRODUCT_NAME = "$(TARGET_NAME)";
			};
			name = Debug;
		};
		7DDFDB351C8B387500743720 /* Release */ = {
			isa = XCBuildConfiguration;
			buildSettings = {
				ASSETCATALOG_COMPILER_APPICON_NAME = AppIcon;
				INFOPLIST_FILE = "Juego de memoria/Info.plist";
				LD_RUNPATH_SEARCH_PATHS = "$(inherited) @executable_path/Frameworks";
				PRODUCT_BUNDLE_IDENTIFIER = "Primera.Juego-de-memoria";
				PRODUCT_NAME = "$(TARGET_NAME)";
			};
			name = Release;
		};
/* End XCBuildConfiguration section */

/* Begin XCConfigurationList section */
		7DDFDB1C1C8B387500743720 /* Build configuration list for PBXProject "Juego de memoria" */ = {
			isa = XCConfigurationList;
			buildConfigurations = (
				7DDFDB311C8B387500743720 /* Debug */,
				7DDFDB321C8B387500743720 /* Release */,
			);
			defaultConfigurationIsVisible = 0;
			defaultConfigurationName = Release;
		};
		7DDFDB331C8B387500743720 /* Build configuration list for PBXNativeTarget "Juego de memoria" */ = {
			isa = XCConfigurationList;
			buildConfigurations = (
				7DDFDB341C8B387500743720 /* Debug */,
				7DDFDB351C8B387500743720 /* Release */,
			);
			defaultConfigurationIsVisible = 0;
		};
/* End XCConfigurationList section */
	};
	rootObject = 7DDFDB191C8B387500743720 /* Project object */;
}
